{
  "name": "WEBSITE-SOPHIE",
  "lockfileVersion": 3,
  "requires": true,
  "packages": {
    "": {
      "dependencies": {
        "nodemailer": "^9.0.0"
      }
    },
    "node_modules/nodemailer": {
      "version": "9.0.0",
      "resolved": "https://registry.npmjs.org/nodemailer/-/nodemailer-9.0.0.tgz",
      "integrity": "sha512-tbPTid7d/p9jAA8CRZ3iomvrMaST0o6NYuY7v6JQZHpPRZ61mLFSPKYd7342NtOFuej9/+L48SOIxwfu2uDvtw==",
      "license": "MIT-0",
      "engines": {
        "node": ">=6.0.0"
      }
    }
  }
}
